
Microsoft Visual Studio Solution File, Format Version 12.00
# Visual Studio Version 17
VisualStudioVersion = 17.0.31903.59
MinimumVisualStudioVersion = 10.0.40219.1
Project("{2150E333-8FDC-42A3-9474-1A3956D46DE8}") = "src", "src", "{827E0CD3-B72D-47B6-A68D-7590B98EB39B}"
EndProject
Project("{FAE04EC0-301F-11D3-BF4B-00C04F79EFBC}") = "Biletix.Shared", "src\Biletix.Shared\Biletix.Shared.csproj", "{E351EE34-D0F8-4DFE-8433-77867EDBA935}"
EndProject
Project("{FAE04EC0-301F-11D3-BF4B-00C04F79EFBC}") = "Biletix.Api", "src\Biletix.Api\Biletix.Api.csproj", "{E4AE51A8-8A14-4A1F-BE8B-7D4308A50509}"
EndProject
Project("{FAE04EC0-301F-11D3-BF4B-00C04F79EFBC}") = "Biletix.Modules.Events", "src\Biletix.Modules.Events\Biletix.Modules.Events.csproj", "{0261B278-3BCE-4EB2-BFB0-F08104EC3191}"
EndProject
Project("{FAE04EC0-301F-11D3-BF4B-00C04F79EFBC}") = "Biletix.Modules.Bookings", "src\Biletix.Modules.Bookings\Biletix.Modules.Bookings.csproj", "{3FFAAE8F-9674-4BD6-8F42-8C45EB6500C2}"
EndProject
Project("{FAE04EC0-301F-11D3-BF4B-00C04F79EFBC}") = "Biletix.Modules.Search", "src\Biletix.Modules.Search\Biletix.Modules.Search.csproj", "{9EAF6E35-CE19-4819-9970-99C23D33DD94}"
EndProject
Global
	GlobalSection(SolutionConfigurationPlatforms) = preSolution
		Debug|Any CPU = Debug|Any CPU
		Debug|x64 = Debug|x64
		Debug|x86 = Debug|x86
		Release|Any CPU = Release|Any CPU
		Release|x64 = Release|x64
		Release|x86 = Release|x86
	EndGlobalSection
	GlobalSection(ProjectConfigurationPlatforms) = postSolution
		{E351EE34-D0F8-4DFE-8433-77867EDBA935}.Debug|Any CPU.ActiveCfg = Debug|Any CPU
		{E351EE34-D0F8-4DFE-8433-77867EDBA935}.Debug|Any CPU.Build.0 = Debug|Any CPU
		{E351EE34-D0F8-4DFE-8433-77867EDBA935}.Debug|x64.ActiveCfg = Debug|Any CPU
		{E351EE34-D0F8-4DFE-8433-77867EDBA935}.Debug|x64.Build.0 = Debug|Any CPU
		{E351EE34-D0F8-4DFE-8433-77867EDBA935}.Debug|x86.ActiveCfg = Debug|Any CPU
		{E351EE34-D0F8-4DFE-8433-77867EDBA935}.Debug|x86.Build.0 = Debug|Any CPU
		{E351EE34-D0F8-4DFE-8433-77867EDBA935}.Release|Any CPU.ActiveCfg = Release|Any CPU
		{E351EE34-D0F8-4DFE-8433-77867EDBA935}.Release|Any CPU.Build.0 = Release|Any CPU
		{E351EE34-D0F8-4DFE-8433-77867EDBA935}.Release|x64.ActiveCfg = Release|Any CPU
		{E351EE34-D0F8-4DFE-8433-77867EDBA935}.Release|x64.Build.0 = Release|Any CPU
		{E351EE34-D0F8-4DFE-8433-77867EDBA935}.Release|x86.ActiveCfg = Release|Any CPU
		{E351EE34-D0F8-4DFE-8433-77867EDBA935}.Release|x86.Build.0 = Release|Any CPU
		{E4AE51A8-8A14-4A1F-BE8B-7D4308A50509}.Debug|Any CPU.ActiveCfg = Debug|Any CPU
		{E4AE51A8-8A14-4A1F-BE8B-7D4308A50509}.Debug|Any CPU.Build.0 = Debug|Any CPU
		{E4AE51A8-8A14-4A1F-BE8B-7D4308A50509}.Debug|x64.ActiveCfg = Debug|Any CPU
		{E4AE51A8-8A14-4A1F-BE8B-7D4308A50509}.Debug|x64.Build.0 = Debug|Any CPU
		{E4AE51A8-8A14-4A1F-BE8B-7D4308A50509}.Debug|x86.ActiveCfg = Debug|Any CPU
		{E4AE51A8-8A14-4A1F-BE8B-7D4308A50509}.Debug|x86.Build.0 = Debug|Any CPU
		{E4AE51A8-8A14-4A1F-BE8B-7D4308A50509}.Release|Any CPU.ActiveCfg = Release|Any CPU
		{E4AE51A8-8A14-4A1F-BE8B-7D4308A50509}.Release|Any CPU.Build.0 = Release|Any CPU
		{E4AE51A8-8A14-4A1F-BE8B-7D4308A50509}.Release|x64.ActiveCfg = Release|Any CPU
		{E4AE51A8-8A14-4A1F-BE8B-7D4308A50509}.Release|x64.Build.0 = Release|Any CPU
		{E4AE51A8-8A14-4A1F-BE8B-7D4308A50509}.Release|x86.ActiveCfg = Release|Any CPU
		{E4AE51A8-8A14-4A1F-BE8B-7D4308A50509}.Release|x86.Build.0 = Release|Any CPU
		{0261B278-3BCE-4EB2-BFB0-F08104EC3191}.Debug|Any CPU.ActiveCfg = Debug|Any CPU
		{0261B278-3BCE-4EB2-BFB0-F08104EC3191}.Debug|Any CPU.Build.0 = Debug|Any CPU
		{0261B278-3BCE-4EB2-BFB0-F08104EC3191}.Debug|x64.ActiveCfg = Debug|Any CPU
		{0261B278-3BCE-4EB2-BFB0-F08104EC3191}.Debug|x64.Build.0 = Debug|Any CPU
		{0261B278-3BCE-4EB2-BFB0-F08104EC3191}.Debug|x86.ActiveCfg = Debug|Any CPU
		{0261B278-3BCE-4EB2-BFB0-F08104EC3191}.Debug|x86.Build.0 = Debug|Any CPU
		{0261B278-3BCE-4EB2-BFB0-F08104EC3191}.Release|Any CPU.ActiveCfg = Release|Any CPU
		{0261B278-3BCE-4EB2-BFB0-F08104EC3191}.Release|Any CPU.Build.0 = Release|Any CPU
		{0261B278-3BCE-4EB2-BFB0-F08104EC3191}.Release|x64.ActiveCfg = Release|Any CPU
		{0261B278-3BCE-4EB2-BFB0-F08104EC3191}.Release|x64.Build.0 = Release|Any CPU
		{0261B278-3BCE-4EB2-BFB0-F08104EC3191}.Release|x86.ActiveCfg = Release|Any CPU
		{0261B278-3BCE-4EB2-BFB0-F08104EC3191}.Release|x86.Build.0 = Release|Any CPU
		{3FFAAE8F-9674-4BD6-8F42-8C45EB6500C2}.Debug|Any CPU.ActiveCfg = Debug|Any CPU
		{3FFAAE8F-9674-4BD6-8F42-8C45EB6500C2}.Debug|Any CPU.Build.0 = Debug|Any CPU
		{3FFAAE8F-9674-4BD6-8F42-8C45EB6500C2}.Debug|x64.ActiveCfg = Debug|Any CPU
		{3FFAAE8F-9674-4BD6-8F42-8C45EB6500C2}.Debug|x64.Build.0 = Debug|Any CPU
		{3FFAAE8F-9674-4BD6-8F42-8C45EB6500C2}.Debug|x86.ActiveCfg = Debug|Any CPU
		{3FFAAE8F-9674-4BD6-8F42-8C45EB6500C2}.Debug|x86.Build.0 = Debug|Any CPU
		{3FFAAE8F-9674-4BD6-8F42-8C45EB6500C2}.Release|Any CPU.ActiveCfg = Release|Any CPU
		{3FFAAE8F-9674-4BD6-8F42-8C45EB6500C2}.Release|Any CPU.Build.0 = Release|Any CPU
		{3FFAAE8F-9674-4BD6-8F42-8C45EB6500C2}.Release|x64.ActiveCfg = Release|Any CPU
		{3FFAAE8F-9674-4BD6-8F42-8C45EB6500C2}.Release|x64.Build.0 = Release|Any CPU
		{3FFAAE8F-9674-4BD6-8F42-8C45EB6500C2}.Release|x86.ActiveCfg = Release|Any CPU
		{3FFAAE8F-9674-4BD6-8F42-8C45EB6500C2}.Release|x86.Build.0 = Release|Any CPU
		{9EAF6E35-CE19-4819-9970-99C23D33DD94}.Debug|Any CPU.ActiveCfg = Debug|Any CPU
		{9EAF6E35-CE19-4819-9970-99C23D33DD94}.Debug|Any CPU.Build.0 = Debug|Any CPU
		{9EAF6E35-CE19-4819-9970-99C23D33DD94}.Debug|x64.ActiveCfg = Debug|Any CPU
		{9EAF6E35-CE19-4819-9970-99C23D33DD94}.Debug|x64.Build.0 = Debug|Any CPU
		{9EAF6E35-CE19-4819-9970-99C23D33DD94}.Debug|x86.ActiveCfg = Debug|Any CPU
		{9EAF6E35-CE19-4819-9970-99C23D33DD94}.Debug|x86.Build.0 = Debug|Any CPU
		{9EAF6E35-CE19-4819-9970-99C23D33DD94}.Release|Any CPU.ActiveCfg = Release|Any CPU
		{9EAF6E35-CE19-4819-9970-99C23D33DD94}.Release|Any CPU.Build.0 = Release|Any CPU
		{9EAF6E35-CE19-4819-9970-99C23D33DD94}.Release|x64.ActiveCfg = Release|Any CPU
		{9EAF6E35-CE19-4819-9970-99C23D33DD94}.Release|x64.Build.0 = Release|Any CPU
		{9EAF6E35-CE19-4819-9970-99C23D33DD94}.Release|x86.ActiveCfg = Release|Any CPU
		{9EAF6E35-CE19-4819-9970-99C23D33DD94}.Release|x86.Build.0 = Release|Any CPU
	EndGlobalSection
	GlobalSection(SolutionProperties) = preSolution
		HideSolutionNode = FALSE
	EndGlobalSection
	GlobalSection(NestedProjects) = preSolution
		{E351EE34-D0F8-4DFE-8433-77867EDBA935} = {827E0CD3-B72D-47B6-A68D-7590B98EB39B}
		{E4AE51A8-8A14-4A1F-BE8B-7D4308A50509} = {827E0CD3-B72D-47B6-A68D-7590B98EB39B}
		{0261B278-3BCE-4EB2-BFB0-F08104EC3191} = {827E0CD3-B72D-47B6-A68D-7590B98EB39B}
		{3FFAAE8F-9674-4BD6-8F42-8C45EB6500C2} = {827E0CD3-B72D-47B6-A68D-7590B98EB39B}
		{9EAF6E35-CE19-4819-9970-99C23D33DD94} = {827E0CD3-B72D-47B6-A68D-7590B98EB39B}
	EndGlobalSection
EndGlobal
